{
  "name": "notebook",
  "version": "1.0.0",
  "lockfileVersion": 1,
  "requires": true,
  "dependencies": {
    "gitbook-plugin-back-to-top-button": {
      "version": "0.1.4",
      "resolved": "https://registry.npmmirror.com/gitbook-plugin-back-to-top-button/-/gitbook-plugin-back-to-top-button-0.1.4.tgz",
      "integrity": "sha512-B97MdUp4YhNkSmEc1v+5E21nRaI+ppNKjz2oZelZ8DTuumOMe/e0QizXC2ymxO8iYPkWuaqzaeGedHpxRq/Yhw=="
    },
    "gitbook-plugin-code": {
      "version": "0.1.0",
      "resolved": "https://registry.npmmirror.com/gitbook-plugin-code/-/gitbook-plugin-code-0.1.0.tgz",
      "integrity": "sha512-TE8CUFlN7da4SiN2LYx8qk+FX5w2O2IicEcn48sPTpA8gj9qKQqpYpGEdwgsDEev11shEjCZhDwFN//GQ7bdnA=="
    },
    "gitbook-plugin-expandable-chapters": {
      "version": "0.2.0",
      "resolved": "https://registry.npmmirror.com/gitbook-plugin-expandable-chapters/-/gitbook-plugin-expandable-chapters-0.2.0.tgz",
      "integrity": "sha512-oEFVR/5UrjQYsu/WWPLiwgB2kUi9V3T+JqifBBzEvC45aPNmV1Jx/zoWSlISYSN9M5f8/l1DPl5zkL5hFSFfgA=="
    },
    "gitbook-plugin-hide-element": {
      "version": "0.0.4",
      "resolved": "https://registry.npmmirror.com/gitbook-plugin-hide-element/-/gitbook-plugin-hide-element-0.0.4.tgz",
      "integrity": "sha512-EHlhMdFAIWf73clRjT7lyuAA0qfP61K4CLzqzQYBzQJjdYlB5lVd4ymMWo+TIAXXei/WMdOTaJOUm4ThqS9vgA=="
    },
    "gitbook-plugin-search-pro": {
      "version": "2.0.2",
      "resolved": "https://registry.npmmirror.com/gitbook-plugin-search-pro/-/gitbook-plugin-search-pro-2.0.2.tgz",
      "integrity": "sha512-JZvfwp1DPsoAeGjGwLsYNr4BBgreAUYBfrpZbnLKg3COAO+OsFYOKEAexHKATOajCEhiQMfkN1rnFGTYP2XTkA==",
      "requires": {
        "html-entities": "1.2.0"
      }
    },
    "gitbook-plugin-sitemap": {
      "version": "1.2.0",
      "resolved": "https://registry.npmmirror.com/gitbook-plugin-sitemap/-/gitbook-plugin-sitemap-1.2.0.tgz",
      "integrity": "sha512-PSJ2BuuNot5CczwzjSCIyRRtom87nPXuD4pEtuVUEg10D8ZBpT3r9+/el6XRzwf8gyC4Sf3QKqreD/ia/G5V4g==",
      "requires": {
        "sitemap": "1.5.0"
      }
    },
    "gitbook-plugin-tbfed-pagefooter": {
      "version": "0.0.1",
      "resolved": "https://registry.npmmirror.com/gitbook-plugin-tbfed-pagefooter/-/gitbook-plugin-tbfed-pagefooter-0.0.1.tgz",
      "integrity": "sha512-HUuC0bksLgkpGy+chdmYcPYdrYlThU7mFcev43dmUW4JlcbAtxL3I5R82gXQv9nSCE9vL1mrscC8+oZSqNBhdQ==",
      "requires": {
        "moment": "^2.10.6"
      }
    },
    "gitbook-plugin-theme-lou": {
      "version": "1.0.2",
      "resolved": "https://registry.npmmirror.com/gitbook-plugin-theme-lou/-/gitbook-plugin-theme-lou-1.0.2.tgz",
      "integrity": "sha512-1zNUKrDZq3ZeeyimCRhD+s3XwZo34/8+b5Obui6gCjOlHdzeYpoH/Ye0t7BnZ3FMUMMBOii03qQ/075ZASxBaA=="
    },
    "html-entities": {
      "version": "1.2.0",
      "resolved": "https://registry.npmmirror.com/html-entities/-/html-entities-1.2.0.tgz",
      "integrity": "sha512-0md7tlUUyb0BEQGsZzbqty1CgV6RESOoxdivt94AScqhBhYsPCCQCOaGvur/RospMjYpPJ7iFe3zw4Bu4SVA8g=="
    },
    "moment": {
      "version": "2.29.1",
      "resolved": "https://registry.npmmirror.com/moment/-/moment-2.29.1.tgz",
      "integrity": "sha512-kHmoybcPV8Sqy59DwNDY3Jefr64lK/by/da0ViFcuA4DH0vQg5Q6Ze5VimxkfQNSC+Mls/Kx53s7TjP1RhFEDQ=="
    },
    "sitemap": {
      "version": "1.5.0",
      "resolved": "https://registry.npmmirror.com/sitemap/-/sitemap-1.5.0.tgz",
      "integrity": "sha512-AGevBYvwFaoBsZoWClv8qlaA3lpoPCUnNh2zxIHl3coZXXD5U2+GKtkMBS3pXvl5NXvzN4R0392gN4YrIpSUmQ==",
      "requires": {
        "underscore": "^1.7.0",
        "url-join": "^0.0.1"
      }
    },
    "underscore": {
      "version": "1.13.2",
      "resolved": "https://registry.npmmirror.com/underscore/-/underscore-1.13.2.tgz",
      "integrity": "sha512-ekY1NhRzq0B08g4bGuX4wd2jZx5GnKz6mKSqFL4nqBlfyMGiG10gDFhDTMEfYmDL6Jy0FUIZp7wiRB+0BP7J2g=="
    },
    "url-join": {
      "version": "0.0.1",
      "resolved": "https://registry.npmmirror.com/url-join/-/url-join-0.0.1.tgz",
      "integrity": "sha512-H6dnQ/yPAAVzMQRvEvyz01hhfQL5qRWSEt7BX8t9DqnPw9BjMb64fjIRq76Uvf1hkHp+mTZvEVJ5guXOT0Xqaw=="
    }
  }
}
